
Microsoft Visual Studio Solution File, Format Version 12.00
# Visual Studio 2017
Project("{FAE04EC0-301F-11D3-BF4B-00C04F79EFBC}") = "AugmentedRealityWithVuforia", "AugmentedRealityWithVuforia.csproj", "{3ADA3942-4CD9-A611-B5A7-281557B997E7}"
EndProject
Project("{FAE04EC0-301F-11D3-BF4B-00C04F79EFBC}") = "AugmentedRealityWithVuforia.Editor", "AugmentedRealityWithVuforia.Editor.csproj", "{7F77B88C-7414-2B00-B34F-70F5D4704566}"
EndProject
Global
	GlobalSection(SolutionConfigurationPlatforms) = preSolution
		Debug|Any CPU = Debug|Any CPU
		Release|Any CPU = Release|Any CPU
	EndGlobalSection
	GlobalSection(ProjectConfigurationPlatforms) = postSolution
		{3ADA3942-4CD9-A611-B5A7-281557B997E7}.Debug|Any CPU.ActiveCfg = Debug|Any CPU
		{3ADA3942-4CD9-A611-B5A7-281557B997E7}.Debug|Any CPU.Build.0 = Debug|Any CPU
		{3ADA3942-4CD9-A611-B5A7-281557B997E7}.Release|Any CPU.ActiveCfg = Release|Any CPU
		{3ADA3942-4CD9-A611-B5A7-281557B997E7}.Release|Any CPU.Build.0 = Release|Any CPU
		{7F77B88C-7414-2B00-B34F-70F5D4704566}.Debug|Any CPU.ActiveCfg = Debug|Any CPU
		{7F77B88C-7414-2B00-B34F-70F5D4704566}.Debug|Any CPU.Build.0 = Debug|Any CPU
		{7F77B88C-7414-2B00-B34F-70F5D4704566}.Release|Any CPU.ActiveCfg = Release|Any CPU
		{7F77B88C-7414-2B00-B34F-70F5D4704566}.Release|Any CPU.Build.0 = Release|Any CPU
	EndGlobalSection
	GlobalSection(SolutionProperties) = preSolution
		HideSolutionNode = FALSE
	EndGlobalSection
EndGlobal
